
Microsoft Visual Studio Solution File, Format Version 11.00
# Visual Studio 2010
Project("{FAE04EC0-301F-11D3-BF4B-00C04F79EFBC}") = "PatternFileType", "PatternFileType.csproj", "{96D0C7F8-2798-44F4-91CC-D14BDD438C71}"
EndProject
Global
	GlobalSection(SolutionConfigurationPlatforms) = preSolution
		Debug|Any CPU = Debug|Any CPU
		Release|Any CPU = Release|Any CPU
	EndGlobalSection
	GlobalSection(ProjectConfigurationPlatforms) = postSolution
		{96D0C7F8-2798-44F4-91CC-D14BDD438C71}.Debug|Any CPU.ActiveCfg = Debug|Any CPU
		{96D0C7F8-2798-44F4-91CC-D14BDD438C71}.Debug|Any CPU.Build.0 = Debug|Any CPU
		{96D0C7F8-2798-44F4-91CC-D14BDD438C71}.Release|Any CPU.ActiveCfg = Release|Any CPU
		{96D0C7F8-2798-44F4-91CC-D14BDD438C71}.Release|Any CPU.Build.0 = Release|Any CPU
	EndGlobalSection
	GlobalSection(SolutionProperties) = preSolution
		HideSolutionNode = FALSE
	EndGlobalSection
EndGlobal
